
Microsoft Visual Studio Solution File, Format Version 12.00
# Visual Studio Version 17
VisualStudioVersion = 17.7.34003.232
MinimumVisualStudioVersion = 10.0.40219.1
Project("{8BC9CEB8-8B4A-11D0-8D11-00A0C91BC942}") = "ConsoleApplication13MediaStreamSource", "ConsoleApplication13MediaStreamSource\ConsoleApplication13MediaStreamSource.vcxproj", "{AEC68E2F-FC1C-46E4-9E05-BED25BCB03F4}"
EndProject
Global
	GlobalSection(SolutionConfigurationPlatforms) = preSolution
		Debug|x64 = Debug|x64
		Debug|x86 = Debug|x86
		Release|x64 = Release|x64
		Release|x86 = Release|x86
	EndGlobalSection
	GlobalSection(ProjectConfigurationPlatforms) = postSolution
		{AEC68E2F-FC1C-46E4-9E05-BED25BCB03F4}.Debug|x64.ActiveCfg = Debug|x64
		{AEC68E2F-FC1C-46E4-9E05-BED25BCB03F4}.Debug|x64.Build.0 = Debug|x64
		{AEC68E2F-FC1C-46E4-9E05-BED25BCB03F4}.Debug|x86.ActiveCfg = Debug|Win32
		{AEC68E2F-FC1C-46E4-9E05-BED25BCB03F4}.Debug|x86.Build.0 = Debug|Win32
		{AEC68E2F-FC1C-46E4-9E05-BED25BCB03F4}.Release|x64.ActiveCfg = Release|x64
		{AEC68E2F-FC1C-46E4-9E05-BED25BCB03F4}.Release|x64.Build.0 = Release|x64
		{AEC68E2F-FC1C-46E4-9E05-BED25BCB03F4}.Release|x86.ActiveCfg = Release|Win32
		{AEC68E2F-FC1C-46E4-9E05-BED25BCB03F4}.Release|x86.Build.0 = Release|Win32
	EndGlobalSection
	GlobalSection(SolutionProperties) = preSolution
		HideSolutionNode = FALSE
	EndGlobalSection
	GlobalSection(ExtensibilityGlobals) = postSolution
		SolutionGuid = {E37375B0-6D75-420C-992C-F32EC6F4F487}
	EndGlobalSection
EndGlobal
